<?xml version="1.0" encoding="utf-8"?>
<Project ToolsVersion="4.0" xmlns="http://schemas.microsoft.com/developer/msbuild/2003">
  <ItemGroup>
    <ClCompile Include="..\src\dllmain.cpp" />
  </ItemGroup>
  <ItemGroup>
    <ClInclude Include="..\src\dllmain.hpp" />
    <ClInclude Include="..\src\helper.hpp" />
    <ClInclude Include="..\include\Controller.hpp">
      <Filter>include</Filter>
    </ClInclude>
    <ClInclude Include="..\include\ini.hpp">
      <Filter>include</Filter>
    </ClInclude>
    <ClInclude Include="..\include\MinHook.hpp">
      <Filter>include</Filter>
    </ClInclude>
  </ItemGroup>
  <ItemGroup>
    <None Include="VorpalFix.ini" />
  </ItemGroup>
  <ItemGroup>
    <Filter Include="include">
      <UniqueIdentifier>{aaa94261-ba7b-413c-8314-05db8b4f429b}</UniqueIdentifier>
    </Filter>
  </ItemGroup>
</Project>